github.com/powerman/check v1.13.0 h1:/uNADrvWRzsRKCN00LEN/Ph0XMlUmtOhZTw2Qr60nNQ=
github.com/powerman/check v1.13.0/go.mod h1:h7WkuVUhfVN1yl/F6zm+zbZLeOUtx34+JpMA8aA2vR0=
github.com/spf13/pflag v1.0.10 h1:4EBh2KAYBwaONj6b2Ye1GiHfwjqyROoF4RwYO+vPwFk=
github.com/spf13/pflag v1.0.10/go.mod h1:McXfInJRrz4CZXVZOBLb0bTZqETkiAhM9Iw0y3An2Bg=
